
Microsoft Visual Studio Solution File, Format Version 12.00
# Visual Studio Version 17
VisualStudioVersion = 17.1.32210.238
MinimumVisualStudioVersion = 10.0.40219.1
Project("{FAE04EC0-301F-11D3-BF4B-00C04F79EFBC}") = "RegexProblems", "RegexProblems\RegexProblems.csproj", "{D69202D6-A53A-4CE0-B8D9-33EBA77EABE0}"
EndProject
Global
	GlobalSection(SolutionConfigurationPlatforms) = preSolution
		Debug|Any CPU = Debug|Any CPU
		Release|Any CPU = Release|Any CPU
	EndGlobalSection
	GlobalSection(ProjectConfigurationPlatforms) = postSolution
		{D69202D6-A53A-4CE0-B8D9-33EBA77EABE0}.Debug|Any CPU.ActiveCfg = Debug|Any CPU
		{D69202D6-A53A-4CE0-B8D9-33EBA77EABE0}.Debug|Any CPU.Build.0 = Debug|Any CPU
		{D69202D6-A53A-4CE0-B8D9-33EBA77EABE0}.Release|Any CPU.ActiveCfg = Release|Any CPU
		{D69202D6-A53A-4CE0-B8D9-33EBA77EABE0}.Release|Any CPU.Build.0 = Release|Any CPU
	EndGlobalSection
	GlobalSection(SolutionProperties) = preSolution
		HideSolutionNode = FALSE
	EndGlobalSection
	GlobalSection(ExtensibilityGlobals) = postSolution
		SolutionGuid = {09F3E70C-5FDB-445C-B8FF-5CE8499AF1A6}
	EndGlobalSection
EndGlobal
